// !$*UTF8*$!
{
	archiveVersion = 1;
	classes = {
	};
	objectVersion = 50;
	objects = {

/* Begin PBXBuildFile section */
		ADF62F2E2105C72E002C39A2 /* AppDelegate.swift in Sources */ = {isa = PBXBuildFile; fileRef = ADF62F2D2105C72E002C39A2 /* AppDelegate.swift */; };
		ADF62F302105C72E002C39A2 /* ViewController.swift in Sources */ = {isa = PBXBuildFile; fileRef = ADF62F2F2105C72E002C39A2 /* ViewController.swift */; };
		ADF62F332105C72E002C39A2 /* Main.storyboard in Resources */ = {isa = PBXBuildFile; fileRef = ADF62F312105C72E002C39A2 /* Main.storyboard */; };
		ADF62F352105C730002C39A2 /* Assets.xcassets in Resources */ = {isa = PBXBuildFile; fileRef = ADF62F342105C730002C39A2 /* Assets.xcassets */; };
		ADF62F382105C730002C39A2 /* LaunchScreen.storyboard in Resources */ = {isa = PBXBuildFile; fileRef = ADF62F362105C730002C39A2 /* LaunchScreen.storyboard */; };
		ADF62F432105C730002C39A2 /* Swiftlecture04Tests.swift in Sources */ = {isa = PBXBuildFile; fileRef = ADF62F422105C730002C39A2 /* Swiftlecture04Tests.swift */; };
		ADF62F4E2105C730002C39A2 /* Swiftlecture04UITests.swift in Sources */ = {isa = PBXBuildFile; fileRef = ADF62F4D2105C730002C39A2 /* Swiftlecture04UITests.swift */; };
/* End PBXBuildFile section */

/* Begin PBXContainerItemProxy section */
		ADF62F3F2105C730002C39A2 /* PBXContainerItemProxy */ = {
			isa = PBXContainerItemProxy;
			containerPortal = ADF62F222105C72E002C39A2 /* Project object */;
			proxyType = 1;
			remoteGlobalIDString = ADF62F292105C72E002C39A2;
			remoteInfo = Swiftlecture04;
		};
		ADF62F4A2105C730002C39A2 /* PBXContainerItemProxy */ = {
			isa = PBXContainerItemProxy;
			containerPortal = ADF62F222105C72E002C39A2 /* Project object */;
			proxyType = 1;
			remoteGlobalIDString = ADF62F292105C72E002C39A2;
			remoteInfo = Swiftlecture04;
		};
/* End PBXContainerItemProxy section */

/* Begin PBXFileReference section */
		ADF62F2A2105C72E002C39A2 /* Swiftlecture04.app */ = {isa = PBXFileReference; explicitFileType = wrapper.application; includeInIndex = 0; path = Swiftlecture04.app; sourceTree = BUILT_PRODUCTS_DIR; };
		ADF62F2D2105C72E002C39A2 /* AppDelegate.swift */ = {isa = PBXFileReference; lastKnownFileType = sourcecode.swift; path = AppDelegate.swift; sourceTree = "<group>"; };
		ADF62F2F2105C72E002C39A2 /* ViewController.swift */ = {isa = PBXFileReference; lastKnownFileType = sourcecode.swift; path = ViewController.swift; sourceTree = "<group>"; };
		ADF62F322105C72E002C39A2 /* Base */ = {isa = PBXFileReference; lastKnownFileType = file.storyboard; name = Base; path = Base.lproj/Main.storyboard; sourceTree = "<group>"; };
		ADF62F342105C730002C39A2 /* Assets.xcassets */ = {isa = PBXFileReference; lastKnownFileType = folder.assetcatalog; path = Assets.xcassets; sourceTree = "<group>"; };
		ADF62F372105C730002C39A2 /* Base */ = {isa = PBXFileReference; lastKnownFileType = file.storyboard; name = Base; path = Base.lproj/LaunchScreen.storyboard; sourceTree = "<group>"; };
		ADF62F392105C730002C39A2 /* Info.plist */ = {isa = PBXFileReference; lastKnownFileType = text.plist.xml; path = Info.plist; sourceTree = "<group>"; };
		ADF62F3E2105C730002C39A2 /* Swiftlecture04Tests.xctest */ = {isa = PBXFileReference; explicitFileType = wrapper.cfbundle; includeInIndex = 0; path = Swiftlecture04Tests.xctest; sourceTree = BUILT_PRODUCTS_DIR; };
		ADF62F422105C730002C39A2 /* Swiftlecture04Tests.swift */ = {isa = PBXFileReference; lastKnownFileType = sourcecode.swift; path = Swiftlecture04Tests.swift; sourceTree = "<group>"; };
		ADF62F442105C730002C39A2 /* Info.plist */ = {isa = PBXFileReference; lastKnownFileType = text.plist.xml; path = Info.plist; sourceTree = "<group>"; };
		ADF62F492105C730002C39A2 /* Swiftlecture04UITests.xctest */ = {isa = PBXFileReference; explicitFileType = wrapper.cfbundle; includeInIndex = 0; path = Swiftlecture04UITests.xctest; sourceTree = BUILT_PRODUCTS_DIR; };
		ADF62F4D2105C730002C39A2 /* Swiftlecture04UITests.swift */ = {isa = PBXFileReference; lastKnownFileType = sourcecode.swift; path = Swiftlecture04UITests.swift; sourceTree = "<group>"; };
		ADF62F4F2105C730002C39A2 /* Info.plist */ = {isa = PBXFileReference; lastKnownFileType = text.plist.xml; path = Info.plist; sourceTree = "<group>"; };
/* End PBXFileReference section */

/* Begin PBXFrameworksBuildPhase section */
		ADF62F272105C72E002C39A2 /* Frameworks */ = {
			isa = PBXFrameworksBuildPhase;
			buildActionMask = 2147483647;
			files = (
			);
			runOnlyForDeploymentPostprocessing = 0;
		};
		ADF62F3B2105C730002C39A2 /* Frameworks */ = {
			isa = PBXFrameworksBuildPhase;
			buildActionMask = 2147483647;
			files = (
			);
			runOnlyForDeploymentPostprocessing = 0;
		};
		ADF62F462105C730002C39A2 /* Frameworks */ = {
			isa = PBXFrameworksBuildPhase;
			buildActionMask = 2147483647;
			files = (
			);
			runOnlyForDeploymentPostprocessing = 0;
		};
/* End PBXFrameworksBuildPhase section */

/* Begin PBXGroup section */
		ADF62F212105C72E002C39A2 = {
			isa = PBXGroup;
			children = (
				ADF62F2C2105C72E002C39A2 /* Swiftlecture04 */,
				ADF62F412105C730002C39A2 /* Swiftlecture04Tests */,
				ADF62F4C2105C730002C39A2 /* Swiftlecture04UITests */,
				ADF62F2B2105C72E002C39A2 /* Products */,
			);
			sourceTree = "<group>";
		};
		ADF62F2B2105C72E002C39A2 /* Products */ = {
			isa = PBXGroup;
			children = (
				ADF62F2A2105C72E002C39A2 /* Swiftlecture04.app */,
				ADF62F3E2105C730002C39A2 /* Swiftlecture04Tests.xctest */,
				ADF62F492105C730002C39A2 /* Swiftlecture04UITests.xctest */,
			);
			name = Products;
			sourceTree = "<group>";
		};
		ADF62F2C2105C72E002C39A2 /* Swiftlecture04 */ = {
			isa = PBXGroup;
			children = (
				ADF62F2D2105C72E002C39A2 /* AppDelegate.swift */,
				ADF62F2F2105C72E002C39A2 /* ViewController.swift */,
				ADF62F312105C72E002C39A2 /* Main.storyboard */,
				ADF62F342105C730002C39A2 /* Assets.xcassets */,
				ADF62F362105C730002C39A2 /* LaunchScreen.storyboard */,
				ADF62F392105C730002C39A2 /* Info.plist */,
			);
			path = Swiftlecture04;
			sourceTree = "<group>";
		};
		ADF62F412105C730002C39A2 /* Swiftlecture04Tests */ = {
			isa = PBXGroup;
			children = (
				ADF62F422105C730002C39A2 /* Swiftlecture04Tests.swift */,
				ADF62F442105C730002C39A2 /* Info.plist */,
			);
			path = Swiftlecture04Tests;
			sourceTree = "<group>";
		};
		ADF62F4C2105C730002C39A2 /* Swiftlecture04UITests */ = {
			isa = PBXGroup;
			children = (
				ADF62F4D2105C730002C39A2 /* Swiftlecture04UITests.swift */,
				ADF62F4F2105C730002C39A2 /* Info.plist */,
			);
			path = Swiftlecture04UITests;
			sourceTree = "<group>";
		};
/* End PBXGroup section */

/* Begin PBXNativeTarget section */
		ADF62F292105C72E002C39A2 /* Swiftlecture04 */ = {
			isa = PBXNativeTarget;
			buildConfigurationList = ADF62F522105C730002C39A2 /* Build configuration list for PBXNativeTarget "Swiftlecture04" */;
			buildPhases = (
				ADF62F262105C72E002C39A2 /* Sources */,
				ADF62F272105C72E002C39A2 /* Frameworks */,
				ADF62F282105C72E002C39A2 /* Resources */,
			);
			buildRules = (
			);
			dependencies = (
			);
			name = Swiftlecture04;
			productName = Swiftlecture04;
			productReference = ADF62F2A2105C72E002C39A2 /* Swiftlecture04.app */;
			productType = "com.apple.product-type.application";
		};
		ADF62F3D2105C730002C39A2 /* Swiftlecture04Tests */ = {
			isa = PBXNativeTarget;
			buildConfigurationList = ADF62F552105C730002C39A2 /* Build configuration list for PBXNativeTarget "Swiftlecture04Tests" */;
			buildPhases = (
				ADF62F3A2105C730002C39A2 /* Sources */,
				ADF62F3B2105C730002C39A2 /* Frameworks */,
				ADF62F3C2105C730002C39A2 /* Resources */,
			);
			buildRules = (
			);
			dependencies = (
				ADF62F402105C730002C39A2 /* PBXTargetDependency */,
			);
			name = Swiftlecture04Tests;
			productName = Swiftlecture04Tests;
			productReference = ADF62F3E2105C730002C39A2 /* Swiftlecture04Tests.xctest */;
			productType = "com.apple.product-type.bundle.unit-test";
		};
		ADF62F482105C730002C39A2 /* Swiftlecture04UITests */ = {
			isa = PBXNativeTarget;
			buildConfigurationList = ADF62F582105C730002C39A2 /* Build configuration list for PBXNativeTarget "Swiftlecture04UITests" */;
			buildPhases = (
				ADF62F452105C730002C39A2 /* Sources */,
				ADF62F462105C730002C39A2 /* Frameworks */,
				ADF62F472105C730002C39A2 /* Resources */,
			);
			buildRules = (
			);
			dependencies = (
				ADF62F4B2105C730002C39A2 /* PBXTargetDependency */,
			);
			name = Swiftlecture04UITests;
			productName = Swiftlecture04UITests;
			productReference = ADF62F492105C730002C39A2 /* Swiftlecture04UITests.xctest */;
			productType = "com.apple.product-type.bundle.ui-testing";
		};
/* End PBXNativeTarget section */

/* Begin PBXProject section */
		ADF62F222105C72E002C39A2 /* Project object */ = {
			isa = PBXProject;
			attributes = {
				LastSwiftUpdateCheck = 0940;
				LastUpgradeCheck = 0940;
				ORGANIZATIONNAME = stripim;
				TargetAttributes = {
					ADF62F292105C72E002C39A2 = {
						CreatedOnToolsVersion = 9.4;
					};
					ADF62F3D2105C730002C39A2 = {
						CreatedOnToolsVersion = 9.4;
						TestTargetID = ADF62F292105C72E002C39A2;
					};
					ADF62F482105C730002C39A2 = {
						CreatedOnToolsVersion = 9.4;
						TestTargetID = ADF62F292105C72E002C39A2;
					};
				};
			};
			buildConfigurationList = ADF62F252105C72E002C39A2 /* Build configuration list for PBXProject "Swiftlecture04" */;
			compatibilityVersion = "Xcode 9.3";
			developmentRegion = en;
			hasScannedForEncodings = 0;
			knownRegions = (
				en,
				Base,
			);
			mainGroup = ADF62F212105C72E002C39A2;
			productRefGroup = ADF62F2B2105C72E002C39A2 /* Products */;
			projectDirPath = "";
			projectRoot = "";
			targets = (
				ADF62F292105C72E002C39A2 /* Swiftlecture04 */,
				ADF62F3D2105C730002C39A2 /* Swiftlecture04Tests */,
				ADF62F482105C730002C39A2 /* Swiftlecture04UITests */,
			);
		};
/* End PBXProject section */

/* Begin PBXResourcesBuildPhase section */
		ADF62F282105C72E002C39A2 /* Resources */ = {
			isa = PBXResourcesBuildPhase;
			buildActionMask = 2147483647;
			files = (
				ADF62F382105C730002C39A2 /* LaunchScreen.storyboard in Resources */,
				ADF62F352105C730002C39A2 /* Assets.xcassets in Resources */,
				ADF62F332105C72E002C39A2 /* Main.storyboard in Resources */,
			);
			runOnlyForDeploymentPostprocessing = 0;
		};
		ADF62F3C2105C730002C39A2 /* Resources */ = {
			isa = PBXResourcesBuildPhase;
			buildActionMask = 2147483647;
			files = (
			);
			runOnlyForDeploymentPostprocessing = 0;
		};
		ADF62F472105C730002C39A2 /* Resources */ = {
			isa = PBXResourcesBuildPhase;
			buildActionMask = 2147483647;
			files = (
			);
			runOnlyForDeploymentPostprocessing = 0;
		};
/* End PBXResourcesBuildPhase section */

/* Begin PBXSourcesBuildPhase section */
		ADF62F262105C72E002C39A2 /* Sources */ = {
			isa = PBXSourcesBuildPhase;
			buildActionMask = 2147483647;
			files = (
				ADF62F302105C72E002C39A2 /* ViewController.swift in Sources */,
				ADF62F2E2105C72E002C39A2 /* AppDelegate.swift in Sources */,
			);
			runOnlyForDeploymentPostprocessing = 0;
		};
		ADF62F3A2105C730002C39A2 /* Sources */ = {
			isa = PBXSourcesBuildPhase;
			buildActionMask = 2147483647;
			files = (
				ADF62F432105C730002C39A2 /* Swiftlecture04Tests.swift in Sources */,
			);
			runOnlyForDeploymentPostprocessing = 0;
		};
		ADF62F452105C730002C39A2 /* Sources */ = {
			isa = PBXSourcesBuildPhase;
			buildActionMask = 2147483647;
			files = (
				ADF62F4E2105C730002C39A2 /* Swiftlecture04UITests.swift in Sources */,
			);
			runOnlyForDeploymentPostprocessing = 0;
		};
/* End PBXSourcesBuildPhase section */

/* Begin PBXTargetDependency section */
		ADF62F402105C730002C39A2 /* PBXTargetDependency */ = {
			isa = PBXTargetDependency;
			target = ADF62F292105C72E002C39A2 /* Swiftlecture04 */;
			targetProxy = ADF62F3F2105C730002C39A2 /* PBXContainerItemProxy */;
		};
		ADF62F4B2105C730002C39A2 /* PBXTargetDependency */ = {
			isa = PBXTargetDependency;
			target = ADF62F292105C72E002C39A2 /* Swiftlecture04 */;
			targetProxy = ADF62F4A2105C730002C39A2 /* PBXContainerItemProxy */;
		};
/* End PBXTargetDependency section */

/* Begin PBXVariantGroup section */
		ADF62F312105C72E002C39A2 /* Main.storyboard */ = {
			isa = PBXVariantGroup;
			children = (
				ADF62F322105C72E002C39A2 /* Base */,
			);
			name = Main.storyboard;
			sourceTree = "<group>";
		};
		ADF62F362105C730002C39A2 /* LaunchScreen.storyboard */ = {
			isa = PBXVariantGroup;
			children = (
				ADF62F372105C730002C39A2 /* Base */,
			);
			name = LaunchScreen.storyboard;
			sourceTree = "<group>";
		};
/* End PBXVariantGroup section */

/* Begin XCBuildConfiguration section */
		ADF62F502105C730002C39A2 /* Debug */ = {
			isa = XCBuildConfiguration;
			buildSettings = {
				ALWAYS_SEARCH_USER_PATHS = NO;
				CLANG_ANALYZER_NONNULL = YES;
				CLANG_ANALYZER_NUMBER_OBJECT_CONVERSION = YES_AGGRESSIVE;
				CLANG_CXX_LANGUAGE_STANDARD = "gnu++14";
				CLANG_CXX_LIBRARY = "libc++";
				CLANG_ENABLE_MODULES = YES;
				CLANG_ENABLE_OBJC_ARC = YES;
				CLANG_ENABLE_OBJC_WEAK = YES;
				CLANG_WARN_BLOCK_CAPTURE_AUTORELEASING = YES;
				CLANG_WARN_BOOL_CONVERSION = YES;
				CLANG_WARN_COMMA = YES;
				CLANG_WARN_CONSTANT_CONVERSION = YES;
				CLANG_WARN_DEPRECATED_OBJC_IMPLEMENTATIONS = YES;
				CLANG_WARN_DIRECT_OBJC_ISA_USAGE = YES_ERROR;
				CLANG_WARN_DOCUMENTATION_COMMENTS = YES;
				CLANG_WARN_EMPTY_BODY = YES;
				CLANG_WARN_ENUM_CONVERSION = YES;
				CLANG_WARN_INFINITE_RECURSION = YES;
				CLANG_WARN_INT_CONVERSION = YES;
				CLANG_WARN_NON_LITERAL_NULL_CONVERSION = YES;
				CLANG_WARN_OBJC_IMPLICIT_RETAIN_SELF = YES;
				CLANG_WARN_OBJC_LITERAL_CONVERSION = YES;
				CLANG_WARN_OBJC_ROOT_CLASS = YES_ERROR;
				CLANG_WARN_RANGE_LOOP_ANALYSIS = YES;
				CLANG_WARN_STRICT_PROTOTYPES = YES;
				CLANG_WARN_SUSPICIOUS_MOVE = YES;
				CLANG_WARN_UNGUARDED_AVAILABILITY = YES_AGGRESSIVE;
				CLANG_WARN_UNREACHABLE_CODE = YES;
				CLANG_WARN__DUPLICATE_METHOD_MATCH = YES;
				CODE_SIGN_IDENTITY = "iPhone Developer";
				COPY_PHASE_STRIP = NO;
				DEBUG_INFORMATION_FORMAT = dwarf;
				ENABLE_STRICT_OBJC_MSGSEND = YES;
				ENABLE_TESTABILITY = YES;
				GCC_C_LANGUAGE_STANDARD = gnu11;
				GCC_DYNAMIC_NO_PIC = NO;
				GCC_NO_COMMON_BLOCKS = YES;
				GCC_OPTIMIZATION_LEVEL = 0;
				GCC_PREPROCESSOR_DEFINITIONS = (
					"DEBUG=1",
					"$(inherited)",
				);
				GCC_WARN_64_TO_32_BIT_CONVERSION = YES;
				GCC_WARN_ABOUT_RETURN_TYPE = YES_ERROR;
				GCC_WARN_UNDECLARED_SELECTOR = YES;
				GCC_WARN_UNINITIALIZED_AUTOS = YES_AGGRESSIVE;
				GCC_WARN_UNUSED_FUNCTION = YES;
				GCC_WARN_UNUSED_VARIABLE = YES;
				IPHONEOS_DEPLOYMENT_TARGET = 11.4;
				MTL_ENABLE_DEBUG_INFO = YES;
				ONLY_ACTIVE_ARCH = YES;
				SDKROOT = iphoneos;
				SWIFT_ACTIVE_COMPILATION_CONDITIONS = DEBUG;
				SWIFT_OPTIMIZATION_LEVEL = "-Onone";
			};
			name = Debug;
		};
		ADF62F512105C730002C39A2 /* Release */ = {
			isa = XCBuildConfiguration;
			buildSettings = {
				ALWAYS_SEARCH_USER_PATHS = NO;
				CLANG_ANALYZER_NONNULL = YES;
				CLANG_ANALYZER_NUMBER_OBJECT_CONVERSION = YES_AGGRESSIVE;
				CLANG_CXX_LANGUAGE_STANDARD = "gnu++14";
				CLANG_CXX_LIBRARY = "libc++";
				CLANG_ENABLE_MODULES = YES;
				CLANG_ENABLE_OBJC_ARC = YES;
				CLANG_ENABLE_OBJC_WEAK = YES;
				CLANG_WARN_BLOCK_CAPTURE_AUTORELEASING = YES;
				CLANG_WARN_BOOL_CONVERSION = YES;
				CLANG_WARN_COMMA = YES;
				CLANG_WARN_CONSTANT_CONVERSION = YES;
				CLANG_WARN_DEPRECATED_OBJC_IMPLEMENTATIONS = YES;
				CLANG_WARN_DIRECT_OBJC_ISA_USAGE = YES_ERROR;
				CLANG_WARN_DOCUMENTATION_COMMENTS = YES;
				CLANG_WARN_EMPTY_BODY = YES;
				CLANG_WARN_ENUM_CONVERSION = YES;
				CLANG_WARN_INFINITE_RECURSION = YES;
				CLANG_WARN_INT_CONVERSION = YES;
				CLANG_WARN_NON_LITERAL_NULL_CONVERSION = YES;
				CLANG_WARN_OBJC_IMPLICIT_RETAIN_SELF = YES;
				CLANG_WARN_OBJC_LITERAL_CONVERSION = YES;
				CLANG_WARN_OBJC_ROOT_CLASS = YES_ERROR;
				CLANG_WARN_RANGE_LOOP_ANALYSIS = YES;
				CLANG_WARN_STRICT_PROTOTYPES = YES;
				CLANG_WARN_SUSPICIOUS_MOVE = YES;
				CLANG_WARN_UNGUARDED_AVAILABILITY = YES_AGGRESSIVE;
				CLANG_WARN_UNREACHABLE_CODE = YES;
				CLANG_WARN__DUPLICATE_METHOD_MATCH = YES;
				CODE_SIGN_IDENTITY = "iPhone Developer";
				COPY_PHASE_STRIP = NO;
				DEBUG_INFORMATION_FORMAT = "dwarf-with-dsym";
				ENABLE_NS_ASSERTIONS = NO;
				ENABLE_STRICT_OBJC_MSGSEND = YES;
				GCC_C_LANGUAGE_STANDARD = gnu11;
				GCC_NO_COMMON_BLOCKS = YES;
				GCC_WARN_64_TO_32_BIT_CONVERSION = YES;
				GCC_WARN_ABOUT_RETURN_TYPE = YES_ERROR;
				GCC_WARN_UNDECLARED_SELECTOR = YES;
				GCC_WARN_UNINITIALIZED_AUTOS = YES_AGGRESSIVE;
				GCC_WARN_UNUSED_FUNCTION = YES;
				GCC_WARN_UNUSED_VARIABLE = YES;
				IPHONEOS_DEPLOYMENT_TARGET = 11.4;
				MTL_ENABLE_DEBUG_INFO = NO;
				SDKROOT = iphoneos;
				SWIFT_COMPILATION_MODE = wholemodule;
				SWIFT_OPTIMIZATION_LEVEL = "-O";
				VALIDATE_PRODUCT = YES;
			};
			name = Release;
		};
		ADF62F532105C730002C39A2 /* Debug */ = {
			isa = XCBuildConfiguration;
			buildSettings = {
				ASSETCATALOG_COMPILER_APPICON_NAME = AppIcon;
				CODE_SIGN_STYLE = Automatic;
				INFOPLIST_FILE = Swiftlecture04/Info.plist;
				LD_RUNPATH_SEARCH_PATHS = (
					"$(inherited)",
					"@executable_path/Frameworks",
				);
				PRODUCT_BUNDLE_IDENTIFIER = com.tripim.Swiftlecture04;
				PRODUCT_NAME = "$(TARGET_NAME)";
				SWIFT_VERSION = 4.0;
				TARGETED_DEVICE_FAMILY = "1,2";
			};
			name = Debug;
		};
		ADF62F542105C730002C39A2 /* Release */ = {
			isa = XCBuildConfiguration;
			buildSettings = {
				ASSETCATALOG_COMPILER_APPICON_NAME = AppIcon;
				CODE_SIGN_STYLE = Automatic;
				INFOPLIST_FILE = Swiftlecture04/Info.plist;
				LD_RUNPATH_SEARCH_PATHS = (
					"$(inherited)",
					"@executable_path/Frameworks",
				);
				PRODUCT_BUNDLE_IDENTIFIER = com.tripim.Swiftlecture04;
				PRODUCT_NAME = "$(TARGET_NAME)";
				SWIFT_VERSION = 4.0;
				TARGETED_DEVICE_FAMILY = "1,2";
			};
			name = Release;
		};
		ADF62F562105C730002C39A2 /* Debug */ = {
			isa = XCBuildConfiguration;
			buildSettings = {
				ALWAYS_EMBED_SWIFT_STANDARD_LIBRARIES = YES;
				BUNDLE_LOADER = "$(TEST_HOST)";
				CODE_SIGN_STYLE = Automatic;
				INFOPLIST_FILE = Swiftlecture04Tests/Info.plist;
				LD_RUNPATH_SEARCH_PATHS = (
					"$(inherited)",
					"@executable_path/Frameworks",
					"@loader_path/Frameworks",
				);
				PRODUCT_BUNDLE_IDENTIFIER = com.tripim.Swiftlecture04Tests;
				PRODUCT_NAME = "$(TARGET_NAME)";
				SWIFT_VERSION = 4.0;
				TARGETED_DEVICE_FAMILY = "1,2";
				TEST_HOST = "$(BUILT_PRODUCTS_DIR)/Swiftlecture04.app/Swiftlecture04";
			};
			name = Debug;
		};
		ADF62F572105C730002C39A2 /* Release */ = {
			isa = XCBuildConfiguration;
			buildSettings = {
				ALWAYS_EMBED_SWIFT_STANDARD_LIBRARIES = YES;
				BUNDLE_LOADER = "$(TEST_HOST)";
				CODE_SIGN_STYLE = Automatic;
				INFOPLIST_FILE = Swiftlecture04Tests/Info.plist;
				LD_RUNPATH_SEARCH_PATHS = (
					"$(inherited)",
					"@executable_path/Frameworks",
					"@loader_path/Frameworks",
				);
				PRODUCT_BUNDLE_IDENTIFIER = com.tripim.Swiftlecture04Tests;
				PRODUCT_NAME = "$(TARGET_NAME)";
				SWIFT_VERSION = 4.0;
				TARGETED_DEVICE_FAMILY = "1,2";
				TEST_HOST = "$(BUILT_PRODUCTS_DIR)/Swiftlecture04.app/Swiftlecture04";
			};
			name = Release;
		};
		ADF62F592105C730002C39A2 /* Debug */ = {
			isa = XCBuildConfiguration;
			buildSettings = {
				ALWAYS_EMBED_SWIFT_STANDARD_LIBRARIES = YES;
				CODE_SIGN_STYLE = Automatic;
				INFOPLIST_FILE = Swiftlecture04UITests/Info.plist;
				LD_RUNPATH_SEARCH_PATHS = (
					"$(inherited)",
					"@executable_path/Frameworks",
					"@loader_path/Frameworks",
				);
				PRODUCT_BUNDLE_IDENTIFIER = com.tripim.Swiftlecture04UITests;
				PRODUCT_NAME = "$(TARGET_NAME)";
				SWIFT_VERSION = 4.0;
				TARGETED_DEVICE_FAMILY = "1,2";
				TEST_TARGET_NAME = Swiftlecture04;
			};
			name = Debug;
		};
		ADF62F5A2105C730002C39A2 /* Release */ = {
			isa = XCBuildConfiguration;
			buildSettings = {
				ALWAYS_EMBED_SWIFT_STANDARD_LIBRARIES = YES;
				CODE_SIGN_STYLE = Automatic;
				INFOPLIST_FILE = Swiftlecture04UITests/Info.plist;
				LD_RUNPATH_SEARCH_PATHS = (
					"$(inherited)",
					"@executable_path/Frameworks",
					"@loader_path/Frameworks",
				);
				PRODUCT_BUNDLE_IDENTIFIER = com.tripim.Swiftlecture04UITests;
				PRODUCT_NAME = "$(TARGET_NAME)";
				SWIFT_VERSION = 4.0;
				TARGETED_DEVICE_FAMILY = "1,2";
				TEST_TARGET_NAME = Swiftlecture04;
			};
			name = Release;
		};
/* End XCBuildConfiguration section */

/* Begin XCConfigurationList section */
		ADF62F252105C72E002C39A2 /* Build configuration list for PBXProject "Swiftlecture04" */ = {
			isa = XCConfigurationList;
			buildConfigurations = (
				ADF62F502105C730002C39A2 /* Debug */,
				ADF62F512105C730002C39A2 /* Release */,
			);
			defaultConfigurationIsVisible = 0;
			defaultConfigurationName = Release;
		};
		ADF62F522105C730002C39A2 /* Build configuration list for PBXNativeTarget "Swiftlecture04" */ = {
			isa = XCConfigurationList;
			buildConfigurations = (
				ADF62F532105C730002C39A2 /* Debug */,
				ADF62F542105C730002C39A2 /* Release */,
			);
			defaultConfigurationIsVisible = 0;
			defaultConfigurationName = Release;
		};
		ADF62F552105C730002C39A2 /* Build configuration list for PBXNativeTarget "Swiftlecture04Tests" */ = {
			isa = XCConfigurationList;
			buildConfigurations = (
				ADF62F562105C730002C39A2 /* Debug */,
				ADF62F572105C730002C39A2 /* Release */,
			);
			defaultConfigurationIsVisible = 0;
			defaultConfigurationName = Release;
		};
		ADF62F582105C730002C39A2 /* Build configuration list for PBXNativeTarget "Swiftlecture04UITests" */ = {
			isa = XCConfigurationList;
			buildConfigurations = (
				ADF62F592105C730002C39A2 /* Debug */,
				ADF62F5A2105C730002C39A2 /* Release */,
			);
			defaultConfigurationIsVisible = 0;
			defaultConfigurationName = Release;
		};
/* End XCConfigurationList section */
	};
	rootObject = ADF62F222105C72E002C39A2 /* Project object */;
}
